
Microsoft Visual Studio Solution File, Format Version 12.00
# Visual Studio Version 16
VisualStudioVersion = 16.0.30011.22
MinimumVisualStudioVersion = 10.0.40219.1
Project("{FAE04EC0-301F-11D3-BF4B-00C04F79EFBC}") = "HandsOn27", "HandsOn27\HandsOn27.csproj", "{E2020788-F012-4640-9BBC-709B9E61BF43}"
EndProject
Global
	GlobalSection(SolutionConfigurationPlatforms) = preSolution
		Debug|Any CPU = Debug|Any CPU
		Release|Any CPU = Release|Any CPU
	EndGlobalSection
	GlobalSection(ProjectConfigurationPlatforms) = postSolution
		{E2020788-F012-4640-9BBC-709B9E61BF43}.Debug|Any CPU.ActiveCfg = Debug|Any CPU
		{E2020788-F012-4640-9BBC-709B9E61BF43}.Debug|Any CPU.Build.0 = Debug|Any CPU
		{E2020788-F012-4640-9BBC-709B9E61BF43}.Release|Any CPU.ActiveCfg = Release|Any CPU
		{E2020788-F012-4640-9BBC-709B9E61BF43}.Release|Any CPU.Build.0 = Release|Any CPU
	EndGlobalSection
	GlobalSection(SolutionProperties) = preSolution
		HideSolutionNode = FALSE
	EndGlobalSection
	GlobalSection(ExtensibilityGlobals) = postSolution
		SolutionGuid = {97619CDD-C54F-4D76-BF88-A25F1F4B993F}
	EndGlobalSection
EndGlobal
