
Microsoft Visual Studio Solution File, Format Version 12.00
# Visual Studio Version 16
VisualStudioVersion = 16.0.29926.136
MinimumVisualStudioVersion = 10.0.40219.1
Project("{FAE04EC0-301F-11D3-BF4B-00C04F79EFBC}") = "Web_API_30", "Web_API_30\Web_API_30.csproj", "{F6BF32CF-4728-4BDA-8B8E-A76AD3F80450}"
EndProject
Global
	GlobalSection(SolutionConfigurationPlatforms) = preSolution
		Debug|Any CPU = Debug|Any CPU
		Release|Any CPU = Release|Any CPU
	EndGlobalSection
	GlobalSection(ProjectConfigurationPlatforms) = postSolution
		{F6BF32CF-4728-4BDA-8B8E-A76AD3F80450}.Debug|Any CPU.ActiveCfg = Debug|Any CPU
		{F6BF32CF-4728-4BDA-8B8E-A76AD3F80450}.Debug|Any CPU.Build.0 = Debug|Any CPU
		{F6BF32CF-4728-4BDA-8B8E-A76AD3F80450}.Release|Any CPU.ActiveCfg = Release|Any CPU
		{F6BF32CF-4728-4BDA-8B8E-A76AD3F80450}.Release|Any CPU.Build.0 = Release|Any CPU
	EndGlobalSection
	GlobalSection(SolutionProperties) = preSolution
		HideSolutionNode = FALSE
	EndGlobalSection
	GlobalSection(ExtensibilityGlobals) = postSolution
		SolutionGuid = {AC1EF6E5-A4B2-4A15-9F4F-89025C26BFB4}
	EndGlobalSection
EndGlobal
