
Microsoft Visual Studio Solution File, Format Version 12.00
# Visual Studio Version 16
VisualStudioVersion = 16.0.30128.74
MinimumVisualStudioVersion = 10.0.40219.1
Project("{FAE04EC0-301F-11D3-BF4B-00C04F79EFBC}") = "JsonTokenJWT", "JsonTokenJWT.csproj", "{00F9F34F-B860-4165-9621-67DC1BAEA741}"
EndProject
Global
	GlobalSection(SolutionConfigurationPlatforms) = preSolution
		Debug|Any CPU = Debug|Any CPU
		Release|Any CPU = Release|Any CPU
	EndGlobalSection
	GlobalSection(ProjectConfigurationPlatforms) = postSolution
		{00F9F34F-B860-4165-9621-67DC1BAEA741}.Debug|Any CPU.ActiveCfg = Debug|Any CPU
		{00F9F34F-B860-4165-9621-67DC1BAEA741}.Debug|Any CPU.Build.0 = Debug|Any CPU
		{00F9F34F-B860-4165-9621-67DC1BAEA741}.Release|Any CPU.ActiveCfg = Release|Any CPU
		{00F9F34F-B860-4165-9621-67DC1BAEA741}.Release|Any CPU.Build.0 = Release|Any CPU
	EndGlobalSection
	GlobalSection(SolutionProperties) = preSolution
		HideSolutionNode = FALSE
	EndGlobalSection
	GlobalSection(ExtensibilityGlobals) = postSolution
		SolutionGuid = {CD14B998-1C05-4925-AE39-B1850AA1E4BA}
	EndGlobalSection
EndGlobal
