
Microsoft Visual Studio Solution File, Format Version 12.00
# Visual Studio Version 16
VisualStudioVersion = 16.0.29926.136
MinimumVisualStudioVersion = 10.0.40219.1
Project("{FAE04EC0-301F-11D3-BF4B-00C04F79EFBC}") = "QueueUsingArray", "QueueUsingArray\QueueUsingArray.csproj", "{2683343A-C5CA-4AC9-B0A6-14EB4E7AEBDC}"
EndProject
Global
	GlobalSection(SolutionConfigurationPlatforms) = preSolution
		Debug|Any CPU = Debug|Any CPU
		Release|Any CPU = Release|Any CPU
	EndGlobalSection
	GlobalSection(ProjectConfigurationPlatforms) = postSolution
		{2683343A-C5CA-4AC9-B0A6-14EB4E7AEBDC}.Debug|Any CPU.ActiveCfg = Debug|Any CPU
		{2683343A-C5CA-4AC9-B0A6-14EB4E7AEBDC}.Debug|Any CPU.Build.0 = Debug|Any CPU
		{2683343A-C5CA-4AC9-B0A6-14EB4E7AEBDC}.Release|Any CPU.ActiveCfg = Release|Any CPU
		{2683343A-C5CA-4AC9-B0A6-14EB4E7AEBDC}.Release|Any CPU.Build.0 = Release|Any CPU
	EndGlobalSection
	GlobalSection(SolutionProperties) = preSolution
		HideSolutionNode = FALSE
	EndGlobalSection
	GlobalSection(ExtensibilityGlobals) = postSolution
		SolutionGuid = {4C8B6FF8-B2F1-4967-9F1D-F61BDF2B4512}
	EndGlobalSection
EndGlobal
